// !$*UTF8*$!
{
	archiveVersion = 1;
	classes = {
	};
	objectVersion = 46;
	objects = {

/* Begin PBXBuildFile section */
		A33182831F53E3FC00444A97 /* AppDelegate.swift in Sources */ = {isa = PBXBuildFile; fileRef = A33182821F53E3FC00444A97 /* AppDelegate.swift */; };
		A33182851F53E3FC00444A97 /* ViewController.swift in Sources */ = {isa = PBXBuildFile; fileRef = A33182841F53E3FC00444A97 /* ViewController.swift */; };
		A33182881F53E3FC00444A97 /* Main.storyboard in Resources */ = {isa = PBXBuildFile; fileRef = A33182861F53E3FC00444A97 /* Main.storyboard */; };
		A331828A1F53E3FC00444A97 /* Assets.xcassets in Resources */ = {isa = PBXBuildFile; fileRef = A33182891F53E3FC00444A97 /* Assets.xcassets */; };
		A331828D1F53E3FC00444A97 /* LaunchScreen.storyboard in Resources */ = {isa = PBXBuildFile; fileRef = A331828B1F53E3FC00444A97 /* LaunchScreen.storyboard */; };
		A33182981F53EE2C00444A97 /* SWRevealViewController.m in Sources */ = {isa = PBXBuildFile; fileRef = A33182971F53EE2C00444A97 /* SWRevealViewController.m */; };
		A331829A1F53F14900444A97 /* SideMenuTableViewController.swift in Sources */ = {isa = PBXBuildFile; fileRef = A33182991F53F14900444A97 /* SideMenuTableViewController.swift */; };
		A331829C1F53F2DB00444A97 /* HomeViewController.swift in Sources */ = {isa = PBXBuildFile; fileRef = A331829B1F53F2DB00444A97 /* HomeViewController.swift */; };
		A331829E1F53FF3C00444A97 /* HomeViewController.xib in Resources */ = {isa = PBXBuildFile; fileRef = A331829D1F53FF3C00444A97 /* HomeViewController.xib */; };
		A33182A11F54029000444A97 /* SettingsViewController.swift in Sources */ = {isa = PBXBuildFile; fileRef = A331829F1F54029000444A97 /* SettingsViewController.swift */; };
		A33182A21F54029000444A97 /* SettingsViewController.xib in Resources */ = {isa = PBXBuildFile; fileRef = A33182A01F54029000444A97 /* SettingsViewController.xib */; };
/* End PBXBuildFile section */

/* Begin PBXFileReference section */
		A331827F1F53E3FC00444A97 /* SideMenuTest.app */ = {isa = PBXFileReference; explicitFileType = wrapper.application; includeInIndex = 0; path = SideMenuTest.app; sourceTree = BUILT_PRODUCTS_DIR; };
		A33182821F53E3FC00444A97 /* AppDelegate.swift */ = {isa = PBXFileReference; lastKnownFileType = sourcecode.swift; path = AppDelegate.swift; sourceTree = "<group>"; };
		A33182841F53E3FC00444A97 /* ViewController.swift */ = {isa = PBXFileReference; lastKnownFileType = sourcecode.swift; path = ViewController.swift; sourceTree = "<group>"; };
		A33182871F53E3FC00444A97 /* Base */ = {isa = PBXFileReference; lastKnownFileType = file.storyboard; name = Base; path = Base.lproj/Main.storyboard; sourceTree = "<group>"; };
		A33182891F53E3FC00444A97 /* Assets.xcassets */ = {isa = PBXFileReference; lastKnownFileType = folder.assetcatalog; path = Assets.xcassets; sourceTree = "<group>"; };
		A331828C1F53E3FC00444A97 /* Base */ = {isa = PBXFileReference; lastKnownFileType = file.storyboard; name = Base; path = Base.lproj/LaunchScreen.storyboard; sourceTree = "<group>"; };
		A331828E1F53E3FC00444A97 /* Info.plist */ = {isa = PBXFileReference; lastKnownFileType = text.plist.xml; path = Info.plist; sourceTree = "<group>"; };
		A33182951F53EE2B00444A97 /* SideMenuTest-Bridging-Header.h */ = {isa = PBXFileReference; lastKnownFileType = sourcecode.c.h; path = "SideMenuTest-Bridging-Header.h"; sourceTree = "<group>"; };
		A33182961F53EE2C00444A97 /* SWRevealViewController.h */ = {isa = PBXFileReference; fileEncoding = 4; lastKnownFileType = sourcecode.c.h; path = SWRevealViewController.h; sourceTree = "<group>"; };
		A33182971F53EE2C00444A97 /* SWRevealViewController.m */ = {isa = PBXFileReference; fileEncoding = 4; lastKnownFileType = sourcecode.c.objc; path = SWRevealViewController.m; sourceTree = "<group>"; };
		A33182991F53F14900444A97 /* SideMenuTableViewController.swift */ = {isa = PBXFileReference; fileEncoding = 4; lastKnownFileType = sourcecode.swift; path = SideMenuTableViewController.swift; sourceTree = "<group>"; };
		A331829B1F53F2DB00444A97 /* HomeViewController.swift */ = {isa = PBXFileReference; fileEncoding = 4; lastKnownFileType = sourcecode.swift; path = HomeViewController.swift; sourceTree = "<group>"; };
		A331829D1F53FF3C00444A97 /* HomeViewController.xib */ = {isa = PBXFileReference; fileEncoding = 4; lastKnownFileType = file.xib; path = HomeViewController.xib; sourceTree = "<group>"; };
		A331829F1F54029000444A97 /* SettingsViewController.swift */ = {isa = PBXFileReference; fileEncoding = 4; lastKnownFileType = sourcecode.swift; path = SettingsViewController.swift; sourceTree = "<group>"; };
		A33182A01F54029000444A97 /* SettingsViewController.xib */ = {isa = PBXFileReference; fileEncoding = 4; lastKnownFileType = file.xib; path = SettingsViewController.xib; sourceTree = "<group>"; };
/* End PBXFileReference section */

/* Begin PBXFrameworksBuildPhase section */
		A331827C1F53E3FC00444A97 /* Frameworks */ = {
			isa = PBXFrameworksBuildPhase;
			buildActionMask = 2147483647;
			files = (
			);
			runOnlyForDeploymentPostprocessing = 0;
		};
/* End PBXFrameworksBuildPhase section */

/* Begin PBXGroup section */
		A33182761F53E3FC00444A97 = {
			isa = PBXGroup;
			children = (
				A33182811F53E3FC00444A97 /* SideMenuTest */,
				A33182801F53E3FC00444A97 /* Products */,
			);
			sourceTree = "<group>";
		};
		A33182801F53E3FC00444A97 /* Products */ = {
			isa = PBXGroup;
			children = (
				A331827F1F53E3FC00444A97 /* SideMenuTest.app */,
			);
			name = Products;
			sourceTree = "<group>";
		};
		A33182811F53E3FC00444A97 /* SideMenuTest */ = {
			isa = PBXGroup;
			children = (
				A33182941F53EE0000444A97 /* Support Files */,
				A33182821F53E3FC00444A97 /* AppDelegate.swift */,
				A33182841F53E3FC00444A97 /* ViewController.swift */,
				A33182861F53E3FC00444A97 /* Main.storyboard */,
				A33182891F53E3FC00444A97 /* Assets.xcassets */,
				A331828B1F53E3FC00444A97 /* LaunchScreen.storyboard */,
				A33182991F53F14900444A97 /* SideMenuTableViewController.swift */,
				A331829B1F53F2DB00444A97 /* HomeViewController.swift */,
				A331829D1F53FF3C00444A97 /* HomeViewController.xib */,
				A331829F1F54029000444A97 /* SettingsViewController.swift */,
				A33182A01F54029000444A97 /* SettingsViewController.xib */,
			);
			path = SideMenuTest;
			sourceTree = "<group>";
		};
		A33182941F53EE0000444A97 /* Support Files */ = {
			isa = PBXGroup;
			children = (
				A33182961F53EE2C00444A97 /* SWRevealViewController.h */,
				A33182971F53EE2C00444A97 /* SWRevealViewController.m */,
				A331828E1F53E3FC00444A97 /* Info.plist */,
				A33182951F53EE2B00444A97 /* SideMenuTest-Bridging-Header.h */,
			);
			name = "Support Files";
			sourceTree = "<group>";
		};
/* End PBXGroup section */

/* Begin PBXNativeTarget section */
		A331827E1F53E3FC00444A97 /* SideMenuTest */ = {
			isa = PBXNativeTarget;
			buildConfigurationList = A33182911F53E3FC00444A97 /* Build configuration list for PBXNativeTarget "SideMenuTest" */;
			buildPhases = (
				A331827B1F53E3FC00444A97 /* Sources */,
				A331827C1F53E3FC00444A97 /* Frameworks */,
				A331827D1F53E3FC00444A97 /* Resources */,
			);
			buildRules = (
			);
			dependencies = (
			);
			name = SideMenuTest;
			productName = SideMenuTest;
			productReference = A331827F1F53E3FC00444A97 /* SideMenuTest.app */;
			productType = "com.apple.product-type.application";
		};
/* End PBXNativeTarget section */

/* Begin PBXProject section */
		A33182771F53E3FC00444A97 /* Project object */ = {
			isa = PBXProject;
			attributes = {
				LastSwiftUpdateCheck = 0830;
				LastUpgradeCheck = 0830;
				ORGANIZATIONNAME = "Satsuki Hashiba";
				TargetAttributes = {
					A331827E1F53E3FC00444A97 = {
						CreatedOnToolsVersion = 8.3.3;
						LastSwiftMigration = 0830;
						ProvisioningStyle = Automatic;
					};
				};
			};
			buildConfigurationList = A331827A1F53E3FC00444A97 /* Build configuration list for PBXProject "SideMenuTest" */;
			compatibilityVersion = "Xcode 3.2";
			developmentRegion = English;
			hasScannedForEncodings = 0;
			knownRegions = (
				en,
				Base,
			);
			mainGroup = A33182761F53E3FC00444A97;
			productRefGroup = A33182801F53E3FC00444A97 /* Products */;
			projectDirPath = "";
			projectRoot = "";
			targets = (
				A331827E1F53E3FC00444A97 /* SideMenuTest */,
			);
		};
/* End PBXProject section */

/* Begin PBXResourcesBuildPhase section */
		A331827D1F53E3FC00444A97 /* Resources */ = {
			isa = PBXResourcesBuildPhase;
			buildActionMask = 2147483647;
			files = (
				A331828D1F53E3FC00444A97 /* LaunchScreen.storyboard in Resources */,
				A331828A1F53E3FC00444A97 /* Assets.xcassets in Resources */,
				A33182881F53E3FC00444A97 /* Main.storyboard in Resources */,
				A331829E1F53FF3C00444A97 /* HomeViewController.xib in Resources */,
				A33182A21F54029000444A97 /* SettingsViewController.xib in Resources */,
			);
			runOnlyForDeploymentPostprocessing = 0;
		};
/* End PBXResourcesBuildPhase section */

/* Begin PBXSourcesBuildPhase section */
		A331827B1F53E3FC00444A97 /* Sources */ = {
			isa = PBXSourcesBuildPhase;
			buildActionMask = 2147483647;
			files = (
				A331829C1F53F2DB00444A97 /* HomeViewController.swift in Sources */,
				A33182851F53E3FC00444A97 /* ViewController.swift in Sources */,
				A33182831F53E3FC00444A97 /* AppDelegate.swift in Sources */,
				A33182981F53EE2C00444A97 /* SWRevealViewController.m in Sources */,
				A331829A1F53F14900444A97 /* SideMenuTableViewController.swift in Sources */,
				A33182A11F54029000444A97 /* SettingsViewController.swift in Sources */,
			);
			runOnlyForDeploymentPostprocessing = 0;
		};
/* End PBXSourcesBuildPhase section */

/* Begin PBXVariantGroup section */
		A33182861F53E3FC00444A97 /* Main.storyboard */ = {
			isa = PBXVariantGroup;
			children = (
				A33182871F53E3FC00444A97 /* Base */,
			);
			name = Main.storyboard;
			sourceTree = "<group>";
		};
		A331828B1F53E3FC00444A97 /* LaunchScreen.storyboard */ = {
			isa = PBXVariantGroup;
			children = (
				A331828C1F53E3FC00444A97 /* Base */,
			);
			name = LaunchScreen.storyboard;
			sourceTree = "<group>";
		};
/* End PBXVariantGroup section */

/* Begin XCBuildConfiguration section */
		A331828F1F53E3FC00444A97 /* Debug */ = {
			isa = XCBuildConfiguration;
			buildSettings = {
				ALWAYS_SEARCH_USER_PATHS = NO;
				CLANG_ANALYZER_NONNULL = YES;
				CLANG_ANALYZER_NUMBER_OBJECT_CONVERSION = YES_AGGRESSIVE;
				CLANG_CXX_LANGUAGE_STANDARD = "gnu++0x";
				CLANG_CXX_LIBRARY = "libc++";
				CLANG_ENABLE_MODULES = YES;
				CLANG_ENABLE_OBJC_ARC = YES;
				CLANG_WARN_BOOL_CONVERSION = YES;
				CLANG_WARN_CONSTANT_CONVERSION = YES;
				CLANG_WARN_DIRECT_OBJC_ISA_USAGE = YES_ERROR;
				CLANG_WARN_DOCUMENTATION_COMMENTS = YES;
				CLANG_WARN_EMPTY_BODY = YES;
				CLANG_WARN_ENUM_CONVERSION = YES;
				CLANG_WARN_INFINITE_RECURSION = YES;
				CLANG_WARN_INT_CONVERSION = YES;
				CLANG_WARN_OBJC_ROOT_CLASS = YES_ERROR;
				CLANG_WARN_SUSPICIOUS_MOVE = YES;
				CLANG_WARN_UNREACHABLE_CODE = YES;
				CLANG_WARN__DUPLICATE_METHOD_MATCH = YES;
				"CODE_SIGN_IDENTITY[sdk=iphoneos*]" = "iPhone Developer";
				COPY_PHASE_STRIP = NO;
				DEBUG_INFORMATION_FORMAT = dwarf;
				ENABLE_STRICT_OBJC_MSGSEND = YES;
				ENABLE_TESTABILITY = YES;
				GCC_C_LANGUAGE_STANDARD = gnu99;
				GCC_DYNAMIC_NO_PIC = NO;
				GCC_NO_COMMON_BLOCKS = YES;
				GCC_OPTIMIZATION_LEVEL = 0;
				GCC_PREPROCESSOR_DEFINITIONS = (
					"DEBUG=1",
					"$(inherited)",
				);
				GCC_WARN_64_TO_32_BIT_CONVERSION = YES;
				GCC_WARN_ABOUT_RETURN_TYPE = YES_ERROR;
				GCC_WARN_UNDECLARED_SELECTOR = YES;
				GCC_WARN_UNINITIALIZED_AUTOS = YES_AGGRESSIVE;
				GCC_WARN_UNUSED_FUNCTION = YES;
				GCC_WARN_UNUSED_VARIABLE = YES;
				IPHONEOS_DEPLOYMENT_TARGET = 10.3;
				MTL_ENABLE_DEBUG_INFO = YES;
				ONLY_ACTIVE_ARCH = YES;
				SDKROOT = iphoneos;
				SWIFT_ACTIVE_COMPILATION_CONDITIONS = DEBUG;
				SWIFT_OPTIMIZATION_LEVEL = "-Onone";
				TARGETED_DEVICE_FAMILY = "1,2";
			};
			name = Debug;
		};
		A33182901F53E3FC00444A97 /* Release */ = {
			isa = XCBuildConfiguration;
			buildSettings = {
				ALWAYS_SEARCH_USER_PATHS = NO;
				CLANG_ANALYZER_NONNULL = YES;
				CLANG_ANALYZER_NUMBER_OBJECT_CONVERSION = YES_AGGRESSIVE;
				CLANG_CXX_LANGUAGE_STANDARD = "gnu++0x";
				CLANG_CXX_LIBRARY = "libc++";
				CLANG_ENABLE_MODULES = YES;
				CLANG_ENABLE_OBJC_ARC = YES;
				CLANG_WARN_BOOL_CONVERSION = YES;
				CLANG_WARN_CONSTANT_CONVERSION = YES;
				CLANG_WARN_DIRECT_OBJC_ISA_USAGE = YES_ERROR;
				CLANG_WARN_DOCUMENTATION_COMMENTS = YES;
				CLANG_WARN_EMPTY_BODY = YES;
				CLANG_WARN_ENUM_CONVERSION = YES;
				CLANG_WARN_INFINITE_RECURSION = YES;
				CLANG_WARN_INT_CONVERSION = YES;
				CLANG_WARN_OBJC_ROOT_CLASS = YES_ERROR;
				CLANG_WARN_SUSPICIOUS_MOVE = YES;
				CLANG_WARN_UNREACHABLE_CODE = YES;
				CLANG_WARN__DUPLICATE_METHOD_MATCH = YES;
				"CODE_SIGN_IDENTITY[sdk=iphoneos*]" = "iPhone Developer";
				COPY_PHASE_STRIP = NO;
				DEBUG_INFORMATION_FORMAT = "dwarf-with-dsym";
				ENABLE_NS_ASSERTIONS = NO;
				ENABLE_STRICT_OBJC_MSGSEND = YES;
				GCC_C_LANGUAGE_STANDARD = gnu99;
				GCC_NO_COMMON_BLOCKS = YES;
				GCC_WARN_64_TO_32_BIT_CONVERSION = YES;
				GCC_WARN_ABOUT_RETURN_TYPE = YES_ERROR;
				GCC_WARN_UNDECLARED_SELECTOR = YES;
				GCC_WARN_UNINITIALIZED_AUTOS = YES_AGGRESSIVE;
				GCC_WARN_UNUSED_FUNCTION = YES;
				GCC_WARN_UNUSED_VARIABLE = YES;
				IPHONEOS_DEPLOYMENT_TARGET = 10.3;
				MTL_ENABLE_DEBUG_INFO = NO;
				SDKROOT = iphoneos;
				SWIFT_OPTIMIZATION_LEVEL = "-Owholemodule";
				TARGETED_DEVICE_FAMILY = "1,2";
				VALIDATE_PRODUCT = YES;
			};
			name = Release;
		};
		A33182921F53E3FC00444A97 /* Debug */ = {
			isa = XCBuildConfiguration;
			buildSettings = {
				ASSETCATALOG_COMPILER_APPICON_NAME = AppIcon;
				CLANG_ENABLE_MODULES = YES;
				INFOPLIST_FILE = SideMenuTest/Info.plist;
				LD_RUNPATH_SEARCH_PATHS = "$(inherited) @executable_path/Frameworks";
				PRODUCT_BUNDLE_IDENTIFIER = com.shiba.SideMenuTest;
				PRODUCT_NAME = "$(TARGET_NAME)";
				SWIFT_OBJC_BRIDGING_HEADER = "SideMenuTest/SideMenuTest-Bridging-Header.h";
				SWIFT_OPTIMIZATION_LEVEL = "-Onone";
				SWIFT_VERSION = 3.0;
			};
			name = Debug;
		};
		A33182931F53E3FC00444A97 /* Release */ = {
			isa = XCBuildConfiguration;
			buildSettings = {
				ASSETCATALOG_COMPILER_APPICON_NAME = AppIcon;
				CLANG_ENABLE_MODULES = YES;
				INFOPLIST_FILE = SideMenuTest/Info.plist;
				LD_RUNPATH_SEARCH_PATHS = "$(inherited) @executable_path/Frameworks";
				PRODUCT_BUNDLE_IDENTIFIER = com.shiba.SideMenuTest;
				PRODUCT_NAME = "$(TARGET_NAME)";
				SWIFT_OBJC_BRIDGING_HEADER = "SideMenuTest/SideMenuTest-Bridging-Header.h";
				SWIFT_VERSION = 3.0;
			};
			name = Release;
		};
/* End XCBuildConfiguration section */

/* Begin XCConfigurationList section */
		A331827A1F53E3FC00444A97 /* Build configuration list for PBXProject "SideMenuTest" */ = {
			isa = XCConfigurationList;
			buildConfigurations = (
				A331828F1F53E3FC00444A97 /* Debug */,
				A33182901F53E3FC00444A97 /* Release */,
			);
			defaultConfigurationIsVisible = 0;
			defaultConfigurationName = Release;
		};
		A33182911F53E3FC00444A97 /* Build configuration list for PBXNativeTarget "SideMenuTest" */ = {
			isa = XCConfigurationList;
			buildConfigurations = (
				A33182921F53E3FC00444A97 /* Debug */,
				A33182931F53E3FC00444A97 /* Release */,
			);
			defaultConfigurationIsVisible = 0;
		};
/* End XCConfigurationList section */
	};
	rootObject = A33182771F53E3FC00444A97 /* Project object */;
}
